{
  "name": "voiceclient",
  "lockfileVersion": 2,
  "requires": true,
  "packages": {
    "": {
      "name": "voiceclient",
      "dependencies": {
        "@twilio/voice-sdk": "^2.6.0"
      }
    },
    "node_modules/@twilio/voice-errors": {
      "version": "1.3.1",
      "resolved": "https://registry.npmjs.org/@twilio/voice-errors/-/voice-errors-1.3.1.tgz",
      "integrity": "sha512-CtozqXquzeUqYkYNus3aOEuS6G007UQK6a31QJYKa28j0tZl8ziwTKVSghj6oeRLlQB2btxiiSQzALMMEh2cug=="
    },
    "node_modules/@twilio/voice-sdk": {
      "version": "2.6.0",
      "resolved": "https://registry.npmjs.org/@twilio/voice-sdk/-/voice-sdk-2.6.0.tgz",
      "integrity": "sha512-gL4WEfHfF2F4EiY1mAhbcjNyacET8/pMb/CpmqcJ2XWMyn6C7aiW6YvQswcwEkY6j6VnowhbWHilsUUNxZJBOg==",
      "dependencies": {
        "@twilio/voice-errors": "1.3.1",
        "@types/md5": "2.3.2",
        "events": "3.3.0",
        "loglevel": "1.6.7",
        "md5": "2.3.0",
        "rtcpeerconnection-shim": "1.2.8"
      },
      "engines": {
        "node": ">= 12"
      }
    },
    "node_modules/@types/md5": {
      "version": "2.3.2",
      "resolved": "https://registry.npmjs.org/@types/md5/-/md5-2.3.2.tgz",
      "integrity": "sha512-v+JFDu96+UYJ3/UWzB0mEglIS//MZXgRaJ4ubUPwOM0gvLc/kcQ3TWNYwENEK7/EcXGQVrW8h/XqednSjBd/Og=="
    },
    "node_modules/charenc": {
      "version": "0.0.2",
      "resolved": "https://registry.npmjs.org/charenc/-/charenc-0.0.2.tgz",
      "integrity": "sha512-yrLQ/yVUFXkzg7EDQsPieE/53+0RlaWTs+wBrvW36cyilJ2SaDWfl4Yj7MtLTXleV9uEKefbAGUPv2/iWSooRA==",
      "engines": {
        "node": "*"
      }
    },
    "node_modules/crypt": {
      "version": "0.0.2",
      "resolved": "https://registry.npmjs.org/crypt/-/crypt-0.0.2.tgz",
      "integrity": "sha512-mCxBlsHFYh9C+HVpiEacem8FEBnMXgU9gy4zmNC+SXAZNB/1idgp/aulFJ4FgCi7GPEVbfyng092GqL2k2rmow==",
      "engines": {
        "node": "*"
      }
    },
    "node_modules/events": {
      "version": "3.3.0",
      "resolved": "https://registry.npmjs.org/events/-/events-3.3.0.tgz",
      "integrity": "sha512-mQw+2fkQbALzQ7V0MY0IqdnXNOeTtP4r0lN9z7AAawCXgqea7bDii20AYrIBrFd/Hx0M2Ocz6S111CaFkUcb0Q==",
      "engines": {
        "node": ">=0.8.x"
      }
    },
    "node_modules/is-buffer": {
      "version": "1.1.6",
      "resolved": "https://registry.npmjs.org/is-buffer/-/is-buffer-1.1.6.tgz",
      "integrity": "sha512-NcdALwpXkTm5Zvvbk7owOUSvVvBKDgKP5/ewfXEznmQFfs4ZRmanOeKBTjRVjka3QFoN6XJ+9F3USqfHqTaU5w=="
    },
    "node_modules/loglevel": {
      "version": "1.6.7",
      "resolved": "https://registry.npmjs.org/loglevel/-/loglevel-1.6.7.tgz",
      "integrity": "sha512-cY2eLFrQSAfVPhCgH1s7JI73tMbg9YC3v3+ZHVW67sBS7UxWzNEk/ZBbSfLykBWHp33dqqtOv82gjhKEi81T/A==",
      "engines": {
        "node": ">= 0.6.0"
      },
      "funding": {
        "type": "tidelift",
        "url": "https://tidelift.com/subscription/pkg/npm-loglevel?utm_medium=referral&utm_source=npm_fund"
      }
    },
    "node_modules/md5": {
      "version": "2.3.0",
      "resolved": "https://registry.npmjs.org/md5/-/md5-2.3.0.tgz",
      "integrity": "sha512-T1GITYmFaKuO91vxyoQMFETst+O71VUPEU3ze5GNzDm0OWdP8v1ziTaAEPUr/3kLsY3Sftgz242A1SetQiDL7g==",
      "dependencies": {
        "charenc": "0.0.2",
        "crypt": "0.0.2",
        "is-buffer": "~1.1.6"
      }
    },
    "node_modules/rtcpeerconnection-shim": {
      "version": "1.2.8",
      "resolved": "https://registry.npmjs.org/rtcpeerconnection-shim/-/rtcpeerconnection-shim-1.2.8.tgz",
      "integrity": "sha512-5Sx90FGru1sQw9aGOM+kHU4i6mbP8eJPgxliu2X3Syhg8qgDybx8dpDTxUwfJvPnubXFnZeRNl59DWr4AttJKQ==",
      "dependencies": {
        "sdp": "^2.6.0"
      },
      "engines": {
        "node": ">=6.0.0",
        "npm": ">=3.10.0"
      }
    },
    "node_modules/sdp": {
      "version": "2.12.0",
      "resolved": "https://registry.npmjs.org/sdp/-/sdp-2.12.0.tgz",
      "integrity": "sha512-jhXqQAQVM+8Xj5EjJGVweuEzgtGWb3tmEEpl3CLP3cStInSbVHSg0QWOGQzNq8pSID4JkpeV2mPqlMDLrm0/Vw=="
    }
  },
  "dependencies": {
    "@twilio/voice-errors": {
      "version": "1.3.1",
      "resolved": "https://registry.npmjs.org/@twilio/voice-errors/-/voice-errors-1.3.1.tgz",
      "integrity": "sha512-CtozqXquzeUqYkYNus3aOEuS6G007UQK6a31QJYKa28j0tZl8ziwTKVSghj6oeRLlQB2btxiiSQzALMMEh2cug=="
    },
    "@twilio/voice-sdk": {
      "version": "2.6.0",
      "resolved": "https://registry.npmjs.org/@twilio/voice-sdk/-/voice-sdk-2.6.0.tgz",
      "integrity": "sha512-gL4WEfHfF2F4EiY1mAhbcjNyacET8/pMb/CpmqcJ2XWMyn6C7aiW6YvQswcwEkY6j6VnowhbWHilsUUNxZJBOg==",
      "requires": {
        "@twilio/voice-errors": "1.3.1",
        "@types/md5": "2.3.2",
        "events": "3.3.0",
        "loglevel": "1.6.7",
        "md5": "2.3.0",
        "rtcpeerconnection-shim": "1.2.8"
      }
    },
    "@types/md5": {
      "version": "2.3.2",
      "resolved": "https://registry.npmjs.org/@types/md5/-/md5-2.3.2.tgz",
      "integrity": "sha512-v+JFDu96+UYJ3/UWzB0mEglIS//MZXgRaJ4ubUPwOM0gvLc/kcQ3TWNYwENEK7/EcXGQVrW8h/XqednSjBd/Og=="
    },
    "charenc": {
      "version": "0.0.2",
      "resolved": "https://registry.npmjs.org/charenc/-/charenc-0.0.2.tgz",
      "integrity": "sha512-yrLQ/yVUFXkzg7EDQsPieE/53+0RlaWTs+wBrvW36cyilJ2SaDWfl4Yj7MtLTXleV9uEKefbAGUPv2/iWSooRA=="
    },
    "crypt": {
      "version": "0.0.2",
      "resolved": "https://registry.npmjs.org/crypt/-/crypt-0.0.2.tgz",
      "integrity": "sha512-mCxBlsHFYh9C+HVpiEacem8FEBnMXgU9gy4zmNC+SXAZNB/1idgp/aulFJ4FgCi7GPEVbfyng092GqL2k2rmow=="
    },
    "events": {
      "version": "3.3.0",
      "resolved": "https://registry.npmjs.org/events/-/events-3.3.0.tgz",
      "integrity": "sha512-mQw+2fkQbALzQ7V0MY0IqdnXNOeTtP4r0lN9z7AAawCXgqea7bDii20AYrIBrFd/Hx0M2Ocz6S111CaFkUcb0Q=="
    },
    "is-buffer": {
      "version": "1.1.6",
      "resolved": "https://registry.npmjs.org/is-buffer/-/is-buffer-1.1.6.tgz",
      "integrity": "sha512-NcdALwpXkTm5Zvvbk7owOUSvVvBKDgKP5/ewfXEznmQFfs4ZRmanOeKBTjRVjka3QFoN6XJ+9F3USqfHqTaU5w=="
    },
    "loglevel": {
      "version": "1.6.7",
      "resolved": "https://registry.npmjs.org/loglevel/-/loglevel-1.6.7.tgz",
      "integrity": "sha512-cY2eLFrQSAfVPhCgH1s7JI73tMbg9YC3v3+ZHVW67sBS7UxWzNEk/ZBbSfLykBWHp33dqqtOv82gjhKEi81T/A=="
    },
    "md5": {
      "version": "2.3.0",
      "resolved": "https://registry.npmjs.org/md5/-/md5-2.3.0.tgz",
      "integrity": "sha512-T1GITYmFaKuO91vxyoQMFETst+O71VUPEU3ze5GNzDm0OWdP8v1ziTaAEPUr/3kLsY3Sftgz242A1SetQiDL7g==",
      "requires": {
        "charenc": "0.0.2",
        "crypt": "0.0.2",
        "is-buffer": "~1.1.6"
      }
    },
    "rtcpeerconnection-shim": {
      "version": "1.2.8",
      "resolved": "https://registry.npmjs.org/rtcpeerconnection-shim/-/rtcpeerconnection-shim-1.2.8.tgz",
      "integrity": "sha512-5Sx90FGru1sQw9aGOM+kHU4i6mbP8eJPgxliu2X3Syhg8qgDybx8dpDTxUwfJvPnubXFnZeRNl59DWr4AttJKQ==",
      "requires": {
        "sdp": "^2.6.0"
      }
    },
    "sdp": {
      "version": "2.12.0",
      "resolved": "https://registry.npmjs.org/sdp/-/sdp-2.12.0.tgz",
      "integrity": "sha512-jhXqQAQVM+8Xj5EjJGVweuEzgtGWb3tmEEpl3CLP3cStInSbVHSg0QWOGQzNq8pSID4JkpeV2mPqlMDLrm0/Vw=="
    }
  }
}
